<Solution>
  <Configurations>
    <Platform Name="Any CPU" />
    <Platform Name="x64" />
    <Platform Name="x86" />
  </Configurations>
  <Folder Name="/src/">
    <Project Path="src/WhiskerDynamics.Benchmarks/WhiskerDynamics.Benchmarks.csproj" />
    <Project Path="src/WhiskerDynamics.Compatibility/WhiskerDynamics.Compatibility.csproj" />
    <Project Path="src/WhiskerDynamics.Compatibility.Cli/WhiskerDynamics.Compatibility.Cli.csproj" />
    <Project Path="src/WhiskerDynamics.Core/WhiskerDynamics.Core.csproj" />
    <Project Path="src/WhiskerDynamics.GameTesting/WhiskerDynamics.GameTesting.csproj" />
    <Project Path="src/WhiskerDynamics.Mod/WhiskerDynamics.Mod.csproj" />
  </Folder>
  <Folder Name="/tests/">
    <Project Path="tests/WhiskerDynamics.Benchmarks.Tests/WhiskerDynamics.Benchmarks.Tests.csproj" />
    <Project Path="tests/WhiskerDynamics.Core.Tests/WhiskerDynamics.Core.Tests.csproj" />
    <Project Path="tests/WhiskerDynamics.GameTestDriver.Runtime/WhiskerDynamics.GameTestDriver.Runtime.csproj" />
    <Project Path="tests/WhiskerDynamics.GameTestDriver/WhiskerDynamics.GameTestDriver.csproj" />
    <Project Path="tests/WhiskerDynamics.GameTestHost.Tests/WhiskerDynamics.GameTestHost.Tests.csproj" />
    <Project Path="tests/WhiskerDynamics.GameTests/WhiskerDynamics.GameTests.csproj" />
    <Project Path="tests/WhiskerDynamics.Mod.Tests/WhiskerDynamics.Mod.Tests.csproj" />
  </Folder>
</Solution>
